
Microsoft Visual Studio Solution File, Format Version 12.00
# Visual Studio 14
VisualStudioVersion = 14.0.25420.1
MinimumVisualStudioVersion = 10.0.40219.1
Project("{FAE04EC0-301F-11D3-BF4B-00C04F79EFBC}") = "bartex_veri", "bartex_veri\bartex_veri.csproj", "{AF554E64-D77B-4F56-B2EB-F667EB78B89D}"
EndProject
Global
	GlobalSection(SolutionConfigurationPlatforms) = preSolution
		Debug|Any CPU = Debug|Any CPU
		Release|Any CPU = Release|Any CPU
	EndGlobalSection
	GlobalSection(ProjectConfigurationPlatforms) = postSolution
		{AF554E64-D77B-4F56-B2EB-F667EB78B89D}.Debug|Any CPU.ActiveCfg = Debug|Any CPU
		{AF554E64-D77B-4F56-B2EB-F667EB78B89D}.Debug|Any CPU.Build.0 = Debug|Any CPU
		{AF554E64-D77B-4F56-B2EB-F667EB78B89D}.Release|Any CPU.ActiveCfg = Release|Any CPU
		{AF554E64-D77B-4F56-B2EB-F667EB78B89D}.Release|Any CPU.Build.0 = Release|Any CPU
	EndGlobalSection
	GlobalSection(SolutionProperties) = preSolution
		HideSolutionNode = FALSE
	EndGlobalSection
EndGlobal
